dependencies:
  espressif/ssd1306:
    component_hash: 1a5671f8fca1688e284d247c3f772151d356c6194f47976b96a03c39bb81b106
    source:
      service_url: https://api.components.espressif.com/
      type: service
    version: 1.0.4
  idf:
    component_hash: null
    source:
      type: idf
    version: 4.4.2
manifest_hash: 09062cddac27fd7df0a791471971a6f28a0a6679c1095065fe374ba9295ab00c
target: esp32
version: 1.0.0
